// !$*UTF8*$!
{
	archiveVersion = 1;
	classes = {
	};
	objectVersion = 51;
	objects = {

/* Begin PBXBuildFile section */
		74A060982D6A4DD9BE866ECD /* libPods-PacketTunnel.a in Frameworks */ = {isa = PBXBuildFile; fileRef = 0AC3EA8FE72A75215F28460D /* libPods-PacketTunnel.a */; };
		AB1D246E2447613F00E6F24B /* AppDelegate.m in Sources */ = {isa = PBXBuildFile; fileRef = AB1D246D2447613F00E6F24B /* AppDelegate.m */; };
		AB1D24742447613F00E6F24B /* ViewController.m in Sources */ = {isa = PBXBuildFile; fileRef = AB1D24732447613F00E6F24B /* ViewController.m */; };
		AB1D24772447613F00E6F24B /* Main.storyboard in Resources */ = {isa = PBXBuildFile; fileRef = AB1D24752447613F00E6F24B /* Main.storyboard */; };
		AB1D24792447614000E6F24B /* Assets.xcassets in Resources */ = {isa = PBXBuildFile; fileRef = AB1D24782447614000E6F24B /* Assets.xcassets */; };
		AB1D247C2447614000E6F24B /* LaunchScreen.storyboard in Resources */ = {isa = PBXBuildFile; fileRef = AB1D247A2447614000E6F24B /* LaunchScreen.storyboard */; };
		AB1D247F2447614000E6F24B /* main.m in Sources */ = {isa = PBXBuildFile; fileRef = AB1D247E2447614000E6F24B /* main.m */; };
		AB1D248C244761F600E6F24B /* JNSettingController.xib in Resources */ = {isa = PBXBuildFile; fileRef = AB1D2487244761F600E6F24B /* JNSettingController.xib */; };
		AB1D248D244761F600E6F24B /* JNStartProxyController.m in Sources */ = {isa = PBXBuildFile; fileRef = AB1D2488244761F600E6F24B /* JNStartProxyController.m */; };
		AB1D248E244761F600E6F24B /* JNStartProxyController.xib in Resources */ = {isa = PBXBuildFile; fileRef = AB1D2489244761F600E6F24B /* JNStartProxyController.xib */; };
		AB1D248F244761F600E6F24B /* JNSettingController.m in Sources */ = {isa = PBXBuildFile; fileRef = AB1D248A244761F600E6F24B /* JNSettingController.m */; };
		AB1D24932447623700E6F24B /* NetworkExtension.framework in Frameworks */ = {isa = PBXBuildFile; fileRef = AB1D24922447623700E6F24B /* NetworkExtension.framework */; };
		AB785D582449821A00E2664E /* PacketTunnelProvider.m in Sources */ = {isa = PBXBuildFile; fileRef = AB785D572449821A00E2664E /* PacketTunnelProvider.m */; };
		AB785D5D2449821A00E2664E /* PacketTunnel.appex in Embed App Extensions */ = {isa = PBXBuildFile; fileRef = AB785D542449821A00E2664E /* PacketTunnel.appex */; settings = {ATTRIBUTES = (RemoveHeadersOnCopy, ); }; };
		AB785D612449868200E2664E /* NetworkExtension.framework in Frameworks */ = {isa = PBXBuildFile; fileRef = AB1D24922447623700E6F24B /* NetworkExtension.framework */; };
		C441D1374FE58D8848B357F9 /* libPods-Climb.a in Frameworks */ = {isa = PBXBuildFile; fileRef = 527CEC507BB8ACBF541791E2 /* libPods-Climb.a */; };
/* End PBXBuildFile section */

/* Begin PBXContainerItemProxy section */
		AB785D5B2449821A00E2664E /* PBXContainerItemProxy */ = {
			isa = PBXContainerItemProxy;
			containerPortal = AB1D24612447613F00E6F24B /* Project object */;
			proxyType = 1;
			remoteGlobalIDString = AB785D532449821A00E2664E;
			remoteInfo = PacketTunnel;
		};
/* End PBXContainerItemProxy section */

/* Begin PBXCopyFilesBuildPhase section */
		AB1D24A52447626400E6F24B /* Embed App Extensions */ = {
			isa = PBXCopyFilesBuildPhase;
			buildActionMask = 2147483647;
			dstPath = "";
			dstSubfolderSpec = 13;
			files = (
				AB785D5D2449821A00E2664E /* PacketTunnel.appex in Embed App Extensions */,
			);
			name = "Embed App Extensions";
			runOnlyForDeploymentPostprocessing = 0;
		};
/* End PBXCopyFilesBuildPhase section */

/* Begin PBXFileReference section */
		02D5824D07681657BEAD4F1E /* Pods-PacketTunnel.debug.xcconfig */ = {isa = PBXFileReference; includeInIndex = 1; lastKnownFileType = text.xcconfig; name = "Pods-PacketTunnel.debug.xcconfig"; path = "Target Support Files/Pods-PacketTunnel/Pods-PacketTunnel.debug.xcconfig"; sourceTree = "<group>"; };
		0AC3EA8FE72A75215F28460D /* libPods-PacketTunnel.a */ = {isa = PBXFileReference; explicitFileType = archive.ar; includeInIndex = 0; path = "libPods-PacketTunnel.a"; sourceTree = BUILT_PRODUCTS_DIR; };
		527CEC507BB8ACBF541791E2 /* libPods-Climb.a */ = {isa = PBXFileReference; explicitFileType = archive.ar; includeInIndex = 0; path = "libPods-Climb.a"; sourceTree = BUILT_PRODUCTS_DIR; };
		950AB21573AF42C1AB320F0A /* Pods-PacketTunnel.release.xcconfig */ = {isa = PBXFileReference; includeInIndex = 1; lastKnownFileType = text.xcconfig; name = "Pods-PacketTunnel.release.xcconfig"; path = "Target Support Files/Pods-PacketTunnel/Pods-PacketTunnel.release.xcconfig"; sourceTree = "<group>"; };
		AB021CEE24484CCC00C24E5F /* PacketTunnel copy-Info.plist */ = {isa = PBXFileReference; lastKnownFileType = text.plist.xml; name = "PacketTunnel copy-Info.plist"; path = "/Users/jonathan/Dev/VPN/Climb/PacketTunnel copy-Info.plist"; sourceTree = "<absolute>"; };
		AB1D24692447613F00E6F24B /* Climb.app */ = {isa = PBXFileReference; explicitFileType = wrapper.application; includeInIndex = 0; path = Climb.app; sourceTree = BUILT_PRODUCTS_DIR; };
		AB1D246C2447613F00E6F24B /* AppDelegate.h */ = {isa = PBXFileReference; lastKnownFileType = sourcecode.c.h; path = AppDelegate.h; sourceTree = "<group>"; };
		AB1D246D2447613F00E6F24B /* AppDelegate.m */ = {isa = PBXFileReference; lastKnownFileType = sourcecode.c.objc; path = AppDelegate.m; sourceTree = "<group>"; };
		AB1D24722447613F00E6F24B /* ViewController.h */ = {isa = PBXFileReference; lastKnownFileType = sourcecode.c.h; path = ViewController.h; sourceTree = "<group>"; };
		AB1D24732447613F00E6F24B /* ViewController.m */ = {isa = PBXFileReference; lastKnownFileType = sourcecode.c.objc; path = ViewController.m; sourceTree = "<group>"; };
		AB1D24762447613F00E6F24B /* Base */ = {isa = PBXFileReference; lastKnownFileType = file.storyboard; name = Base; path = Base.lproj/Main.storyboard; sourceTree = "<group>"; };
		AB1D24782447614000E6F24B /* Assets.xcassets */ = {isa = PBXFileReference; lastKnownFileType = folder.assetcatalog; path = Assets.xcassets; sourceTree = "<group>"; };
		AB1D247B2447614000E6F24B /* Base */ = {isa = PBXFileReference; lastKnownFileType = file.storyboard; name = Base; path = Base.lproj/LaunchScreen.storyboard; sourceTree = "<group>"; };
		AB1D247D2447614000E6F24B /* Info.plist */ = {isa = PBXFileReference; lastKnownFileType = text.plist.xml; path = Info.plist; sourceTree = "<group>"; };
		AB1D247E2447614000E6F24B /* main.m */ = {isa = PBXFileReference; lastKnownFileType = sourcecode.c.objc; path = main.m; sourceTree = "<group>"; };
		AB1D2486244761F600E6F24B /* JNSettingController.h */ = {isa = PBXFileReference; fileEncoding = 4; lastKnownFileType = sourcecode.c.h; path = JNSettingController.h; sourceTree = "<group>"; };
		AB1D2487244761F600E6F24B /* JNSettingController.xib */ = {isa = PBXFileReference; fileEncoding = 4; lastKnownFileType = file.xib; path = JNSettingController.xib; sourceTree = "<group>"; };
		AB1D2488244761F600E6F24B /* JNStartProxyController.m */ = {isa = PBXFileReference; fileEncoding = 4; lastKnownFileType = sourcecode.c.objc; path = JNStartProxyController.m; sourceTree = "<group>"; };
		AB1D2489244761F600E6F24B /* JNStartProxyController.xib */ = {isa = PBXFileReference; fileEncoding = 4; lastKnownFileType = file.xib; path = JNStartProxyController.xib; sourceTree = "<group>"; };
		AB1D248A244761F600E6F24B /* JNSettingController.m */ = {isa = PBXFileReference; fileEncoding = 4; lastKnownFileType = sourcecode.c.objc; path = JNSettingController.m; sourceTree = "<group>"; };
		AB1D248B244761F600E6F24B /* JNStartProxyController.h */ = {isa = PBXFileReference; fileEncoding = 4; lastKnownFileType = sourcecode.c.h; path = JNStartProxyController.h; sourceTree = "<group>"; };
		AB1D24902447623700E6F24B /* Climb.entitlements */ = {isa = PBXFileReference; lastKnownFileType = text.plist.entitlements; path = Climb.entitlements; sourceTree = "<group>"; };
		AB1D24922447623700E6F24B /* NetworkExtension.framework */ = {isa = PBXFileReference; lastKnownFileType = wrapper.framework; name = NetworkExtension.framework; path = System/Library/Frameworks/NetworkExtension.framework; sourceTree = SDKROOT; };
		AB785D542449821A00E2664E /* PacketTunnel.appex */ = {isa = PBXFileReference; explicitFileType = "wrapper.app-extension"; includeInIndex = 0; path = PacketTunnel.appex; sourceTree = BUILT_PRODUCTS_DIR; };
		AB785D562449821A00E2664E /* PacketTunnelProvider.h */ = {isa = PBXFileReference; lastKnownFileType = sourcecode.c.h; path = PacketTunnelProvider.h; sourceTree = "<group>"; };
		AB785D572449821A00E2664E /* PacketTunnelProvider.m */ = {isa = PBXFileReference; lastKnownFileType = sourcecode.c.objc; path = PacketTunnelProvider.m; sourceTree = "<group>"; };
		AB785D592449821A00E2664E /* Info.plist */ = {isa = PBXFileReference; lastKnownFileType = text.plist.xml; path = Info.plist; sourceTree = "<group>"; };
		AB785D5A2449821A00E2664E /* PacketTunnel.entitlements */ = {isa = PBXFileReference; lastKnownFileType = text.plist.entitlements; path = PacketTunnel.entitlements; sourceTree = "<group>"; };
		B4D6690BB9701A7DC231093C /* Pods-Climb.debug.xcconfig */ = {isa = PBXFileReference; includeInIndex = 1; lastKnownFileType = text.xcconfig; name = "Pods-Climb.debug.xcconfig"; path = "Target Support Files/Pods-Climb/Pods-Climb.debug.xcconfig"; sourceTree = "<group>"; };
		D3CE3D55B7DBF2EADE8ECAB6 /* Pods-Climb.release.xcconfig */ = {isa = PBXFileReference; includeInIndex = 1; lastKnownFileType = text.xcconfig; name = "Pods-Climb.release.xcconfig"; path = "Target Support Files/Pods-Climb/Pods-Climb.release.xcconfig"; sourceTree = "<group>"; };
/* End PBXFileReference section */

/* Begin PBXFrameworksBuildPhase section */
		AB1D24662447613F00E6F24B /* Frameworks */ = {
			isa = PBXFrameworksBuildPhase;
			buildActionMask = 2147483647;
			files = (
				AB1D24932447623700E6F24B /* NetworkExtension.framework in Frameworks */,
				C441D1374FE58D8848B357F9 /* libPods-Climb.a in Frameworks */,
			);
			runOnlyForDeploymentPostprocessing = 0;
		};
		AB785D512449821A00E2664E /* Frameworks */ = {
			isa = PBXFrameworksBuildPhase;
			buildActionMask = 2147483647;
			files = (
				AB785D612449868200E2664E /* NetworkExtension.framework in Frameworks */,
				74A060982D6A4DD9BE866ECD /* libPods-PacketTunnel.a in Frameworks */,
			);
			runOnlyForDeploymentPostprocessing = 0;
		};
/* End PBXFrameworksBuildPhase section */

/* Begin PBXGroup section */
		AB1D24602447613F00E6F24B = {
			isa = PBXGroup;
			children = (
				AB1D246B2447613F00E6F24B /* Climb */,
				AB785D552449821A00E2664E /* PacketTunnel */,
				AB1D246A2447613F00E6F24B /* Products */,
				AB1D24912447623700E6F24B /* Frameworks */,
				D0E36AC0FC701B60822EEE84 /* Pods */,
				AB021CEE24484CCC00C24E5F /* PacketTunnel copy-Info.plist */,
			);
			sourceTree = "<group>";
		};
		AB1D246A2447613F00E6F24B /* Products */ = {
			isa = PBXGroup;
			children = (
				AB1D24692447613F00E6F24B /* Climb.app */,
				AB785D542449821A00E2664E /* PacketTunnel.appex */,
			);
			name = Products;
			sourceTree = "<group>";
		};
		AB1D246B2447613F00E6F24B /* Climb */ = {
			isa = PBXGroup;
			children = (
				AB1D24902447623700E6F24B /* Climb.entitlements */,
				AB1D2485244761F600E6F24B /* Controllers */,
				AB1D246C2447613F00E6F24B /* AppDelegate.h */,
				AB1D246D2447613F00E6F24B /* AppDelegate.m */,
				AB1D24722447613F00E6F24B /* ViewController.h */,
				AB1D24732447613F00E6F24B /* ViewController.m */,
				AB1D24752447613F00E6F24B /* Main.storyboard */,
				AB1D24782447614000E6F24B /* Assets.xcassets */,
				AB1D247A2447614000E6F24B /* LaunchScreen.storyboard */,
				AB1D247D2447614000E6F24B /* Info.plist */,
				AB1D247E2447614000E6F24B /* main.m */,
			);
			path = Climb;
			sourceTree = "<group>";
		};
		AB1D2485244761F600E6F24B /* Controllers */ = {
			isa = PBXGroup;
			children = (
				AB1D248B244761F600E6F24B /* JNStartProxyController.h */,
				AB1D2488244761F600E6F24B /* JNStartProxyController.m */,
				AB1D2489244761F600E6F24B /* JNStartProxyController.xib */,
				AB1D2486244761F600E6F24B /* JNSettingController.h */,
				AB1D248A244761F600E6F24B /* JNSettingController.m */,
				AB1D2487244761F600E6F24B /* JNSettingController.xib */,
			);
			path = Controllers;
			sourceTree = "<group>";
		};
		AB1D24912447623700E6F24B /* Frameworks */ = {
			isa = PBXGroup;
			children = (
				AB1D24922447623700E6F24B /* NetworkExtension.framework */,
				527CEC507BB8ACBF541791E2 /* libPods-Climb.a */,
				0AC3EA8FE72A75215F28460D /* libPods-PacketTunnel.a */,
			);
			name = Frameworks;
			sourceTree = "<group>";
		};
		AB785D552449821A00E2664E /* PacketTunnel */ = {
			isa = PBXGroup;
			children = (
				AB785D562449821A00E2664E /* PacketTunnelProvider.h */,
				AB785D572449821A00E2664E /* PacketTunnelProvider.m */,
				AB785D592449821A00E2664E /* Info.plist */,
				AB785D5A2449821A00E2664E /* PacketTunnel.entitlements */,
			);
			path = PacketTunnel;
			sourceTree = "<group>";
		};
		D0E36AC0FC701B60822EEE84 /* Pods */ = {
			isa = PBXGroup;
			children = (
				B4D6690BB9701A7DC231093C /* Pods-Climb.debug.xcconfig */,
				D3CE3D55B7DBF2EADE8ECAB6 /* Pods-Climb.release.xcconfig */,
				02D5824D07681657BEAD4F1E /* Pods-PacketTunnel.debug.xcconfig */,
				950AB21573AF42C1AB320F0A /* Pods-PacketTunnel.release.xcconfig */,
			);
			path = Pods;
			sourceTree = "<group>";
		};
/* End PBXGroup section */

/* Begin PBXNativeTarget section */
		AB1D24682447613F00E6F24B /* Climb */ = {
			isa = PBXNativeTarget;
			buildConfigurationList = AB1D24822447614000E6F24B /* Build configuration list for PBXNativeTarget "Climb" */;
			buildPhases = (
				D6D4B9D0F4AFE7CC5D4BE182 /* [CP] Check Pods Manifest.lock */,
				AB1D24652447613F00E6F24B /* Sources */,
				AB1D24662447613F00E6F24B /* Frameworks */,
				AB1D24672447613F00E6F24B /* Resources */,
				AB1D24A52447626400E6F24B /* Embed App Extensions */,
			);
			buildRules = (
			);
			dependencies = (
				AB785D5C2449821A00E2664E /* PBXTargetDependency */,
			);
			name = Climb;
			productName = Climb;
			productReference = AB1D24692447613F00E6F24B /* Climb.app */;
			productType = "com.apple.product-type.application";
		};
		AB785D532449821A00E2664E /* PacketTunnel */ = {
			isa = PBXNativeTarget;
			buildConfigurationList = AB785D5E2449821A00E2664E /* Build configuration list for PBXNativeTarget "PacketTunnel" */;
			buildPhases = (
				F9FB1540ED0EC3A35DE15BA4 /* [CP] Check Pods Manifest.lock */,
				AB785D502449821A00E2664E /* Sources */,
				AB785D512449821A00E2664E /* Frameworks */,
				AB785D522449821A00E2664E /* Resources */,
			);
			buildRules = (
			);
			dependencies = (
			);
			name = PacketTunnel;
			productName = PacketTunnel;
			productReference = AB785D542449821A00E2664E /* PacketTunnel.appex */;
			productType = "com.apple.product-type.app-extension";
		};
/* End PBXNativeTarget section */

/* Begin PBXProject section */
		AB1D24612447613F00E6F24B /* Project object */ = {
			isa = PBXProject;
			attributes = {
				LastUpgradeCheck = 1140;
				ORGANIZATIONNAME = JN;
				TargetAttributes = {
					AB1D24682447613F00E6F24B = {
						CreatedOnToolsVersion = 11.4;
					};
					AB785D532449821A00E2664E = {
						CreatedOnToolsVersion = 11.4;
					};
				};
			};
			buildConfigurationList = AB1D24642447613F00E6F24B /* Build configuration list for PBXProject "Climb" */;
			compatibilityVersion = "Xcode 9.3";
			developmentRegion = en;
			hasScannedForEncodings = 0;
			knownRegions = (
				en,
				Base,
			);
			mainGroup = AB1D24602447613F00E6F24B;
			productRefGroup = AB1D246A2447613F00E6F24B /* Products */;
			projectDirPath = "";
			projectRoot = "";
			targets = (
				AB1D24682447613F00E6F24B /* Climb */,
				AB785D532449821A00E2664E /* PacketTunnel */,
			);
		};
/* End PBXProject section */

/* Begin PBXResourcesBuildPhase section */
		AB1D24672447613F00E6F24B /* Resources */ = {
			isa = PBXResourcesBuildPhase;
			buildActionMask = 2147483647;
			files = (
				AB1D247C2447614000E6F24B /* LaunchScreen.storyboard in Resources */,
				AB1D24792447614000E6F24B /* Assets.xcassets in Resources */,
				AB1D248C244761F600E6F24B /* JNSettingController.xib in Resources */,
				AB1D24772447613F00E6F24B /* Main.storyboard in Resources */,
				AB1D248E244761F600E6F24B /* JNStartProxyController.xib in Resources */,
			);
			runOnlyForDeploymentPostprocessing = 0;
		};
		AB785D522449821A00E2664E /* Resources */ = {
			isa = PBXResourcesBuildPhase;
			buildActionMask = 2147483647;
			files = (
			);
			runOnlyForDeploymentPostprocessing = 0;
		};
/* End PBXResourcesBuildPhase section */

/* Begin PBXShellScriptBuildPhase section */
		D6D4B9D0F4AFE7CC5D4BE182 /* [CP] Check Pods Manifest.lock */ = {
			isa = PBXShellScriptBuildPhase;
			buildActionMask = 2147483647;
			files = (
			);
			inputFileListPaths = (
			);
			inputPaths = (
				"${PODS_PODFILE_DIR_PATH}/Podfile.lock",
				"${PODS_ROOT}/Manifest.lock",
			);
			name = "[CP] Check Pods Manifest.lock";
			outputFileListPaths = (
			);
			outputPaths = (
				"$(DERIVED_FILE_DIR)/Pods-Climb-checkManifestLockResult.txt",
			);
			runOnlyForDeploymentPostprocessing = 0;
			shellPath = /bin/sh;
			shellScript = "diff \"${PODS_PODFILE_DIR_PATH}/Podfile.lock\" \"${PODS_ROOT}/Manifest.lock\" > /dev/null\nif [ $? != 0 ] ; then\n    # print error to STDERR\n    echo \"error: The sandbox is not in sync with the Podfile.lock. Run 'pod install' or update your CocoaPods installation.\" >&2\n    exit 1\nfi\n# This output is used by Xcode 'outputs' to avoid re-running this script phase.\necho \"SUCCESS\" > \"${SCRIPT_OUTPUT_FILE_0}\"\n";
			showEnvVarsInLog = 0;
		};
		F9FB1540ED0EC3A35DE15BA4 /* [CP] Check Pods Manifest.lock */ = {
			isa = PBXShellScriptBuildPhase;
			buildActionMask = 2147483647;
			files = (
			);
			inputFileListPaths = (
			);
			inputPaths = (
				"${PODS_PODFILE_DIR_PATH}/Podfile.lock",
				"${PODS_ROOT}/Manifest.lock",
			);
			name = "[CP] Check Pods Manifest.lock";
			outputFileListPaths = (
			);
			outputPaths = (
				"$(DERIVED_FILE_DIR)/Pods-PacketTunnel-checkManifestLockResult.txt",
			);
			runOnlyForDeploymentPostprocessing = 0;
			shellPath = /bin/sh;
			shellScript = "diff \"${PODS_PODFILE_DIR_PATH}/Podfile.lock\" \"${PODS_ROOT}/Manifest.lock\" > /dev/null\nif [ $? != 0 ] ; then\n    # print error to STDERR\n    echo \"error: The sandbox is not in sync with the Podfile.lock. Run 'pod install' or update your CocoaPods installation.\" >&2\n    exit 1\nfi\n# This output is used by Xcode 'outputs' to avoid re-running this script phase.\necho \"SUCCESS\" > \"${SCRIPT_OUTPUT_FILE_0}\"\n";
			showEnvVarsInLog = 0;
		};
/* End PBXShellScriptBuildPhase section */

/* Begin PBXSourcesBuildPhase section */
		AB1D24652447613F00E6F24B /* Sources */ = {
			isa = PBXSourcesBuildPhase;
			buildActionMask = 2147483647;
			files = (
				AB1D248F244761F600E6F24B /* JNSettingController.m in Sources */,
				AB1D24742447613F00E6F24B /* ViewController.m in Sources */,
				AB1D246E2447613F00E6F24B /* AppDelegate.m in Sources */,
				AB1D247F2447614000E6F24B /* main.m in Sources */,
				AB1D248D244761F600E6F24B /* JNStartProxyController.m in Sources */,
			);
			runOnlyForDeploymentPostprocessing = 0;
		};
		AB785D502449821A00E2664E /* Sources */ = {
			isa = PBXSourcesBuildPhase;
			buildActionMask = 2147483647;
			files = (
				AB785D582449821A00E2664E /* PacketTunnelProvider.m in Sources */,
			);
			runOnlyForDeploymentPostprocessing = 0;
		};
/* End PBXSourcesBuildPhase section */

/* Begin PBXTargetDependency section */
		AB785D5C2449821A00E2664E /* PBXTargetDependency */ = {
			isa = PBXTargetDependency;
			target = AB785D532449821A00E2664E /* PacketTunnel */;
			targetProxy = AB785D5B2449821A00E2664E /* PBXContainerItemProxy */;
		};
/* End PBXTargetDependency section */

/* Begin PBXVariantGroup section */
		AB1D24752447613F00E6F24B /* Main.storyboard */ = {
			isa = PBXVariantGroup;
			children = (
				AB1D24762447613F00E6F24B /* Base */,
			);
			name = Main.storyboard;
			sourceTree = "<group>";
		};
		AB1D247A2447614000E6F24B /* LaunchScreen.storyboard */ = {
			isa = PBXVariantGroup;
			children = (
				AB1D247B2447614000E6F24B /* Base */,
			);
			name = LaunchScreen.storyboard;
			sourceTree = "<group>";
		};
/* End PBXVariantGroup section */

/* Begin XCBuildConfiguration section */
		AB1D24802447614000E6F24B /* Debug */ = {
			isa = XCBuildConfiguration;
			buildSettings = {
				ALWAYS_SEARCH_USER_PATHS = NO;
				CLANG_ANALYZER_NONNULL = YES;
				CLANG_ANALYZER_NUMBER_OBJECT_CONVERSION = YES_AGGRESSIVE;
				CLANG_CXX_LANGUAGE_STANDARD = "gnu++14";
				CLANG_CXX_LIBRARY = "libc++";
				CLANG_ENABLE_MODULES = YES;
				CLANG_ENABLE_OBJC_ARC = YES;
				CLANG_ENABLE_OBJC_WEAK = YES;
				CLANG_WARN_BLOCK_CAPTURE_AUTORELEASING = YES;
				CLANG_WARN_BOOL_CONVERSION = YES;
				CLANG_WARN_COMMA = YES;
				CLANG_WARN_CONSTANT_CONVERSION = YES;
				CLANG_WARN_DEPRECATED_OBJC_IMPLEMENTATIONS = YES;
				CLANG_WARN_DIRECT_OBJC_ISA_USAGE = YES_ERROR;
				CLANG_WARN_DOCUMENTATION_COMMENTS = YES;
				CLANG_WARN_EMPTY_BODY = YES;
				CLANG_WARN_ENUM_CONVERSION = YES;
				CLANG_WARN_INFINITE_RECURSION = YES;
				CLANG_WARN_INT_CONVERSION = YES;
				CLANG_WARN_NON_LITERAL_NULL_CONVERSION = YES;
				CLANG_WARN_OBJC_IMPLICIT_RETAIN_SELF = YES;
				CLANG_WARN_OBJC_LITERAL_CONVERSION = YES;
				CLANG_WARN_OBJC_ROOT_CLASS = YES_ERROR;
				CLANG_WARN_RANGE_LOOP_ANALYSIS = YES;
				CLANG_WARN_STRICT_PROTOTYPES = YES;
				CLANG_WARN_SUSPICIOUS_MOVE = YES;
				CLANG_WARN_UNGUARDED_AVAILABILITY = YES_AGGRESSIVE;
				CLANG_WARN_UNREACHABLE_CODE = YES;
				CLANG_WARN__DUPLICATE_METHOD_MATCH = YES;
				COPY_PHASE_STRIP = NO;
				DEBUG_INFORMATION_FORMAT = dwarf;
				ENABLE_STRICT_OBJC_MSGSEND = YES;
				ENABLE_TESTABILITY = YES;
				GCC_C_LANGUAGE_STANDARD = gnu11;
				GCC_DYNAMIC_NO_PIC = NO;
				GCC_NO_COMMON_BLOCKS = YES;
				GCC_OPTIMIZATION_LEVEL = 0;
				GCC_PREPROCESSOR_DEFINITIONS = (
					"DEBUG=1",
					"$(inherited)",
				);
				GCC_WARN_64_TO_32_BIT_CONVERSION = YES;
				GCC_WARN_ABOUT_RETURN_TYPE = YES_ERROR;
				GCC_WARN_UNDECLARED_SELECTOR = YES;
				GCC_WARN_UNINITIALIZED_AUTOS = YES_AGGRESSIVE;
				GCC_WARN_UNUSED_FUNCTION = YES;
				GCC_WARN_UNUSED_VARIABLE = YES;
				IPHONEOS_DEPLOYMENT_TARGET = 13.4;
				MTL_ENABLE_DEBUG_INFO = INCLUDE_SOURCE;
				MTL_FAST_MATH = YES;
				ONLY_ACTIVE_ARCH = YES;
				SDKROOT = iphoneos;
			};
			name = Debug;
		};
		AB1D24812447614000E6F24B /* Release */ = {
			isa = XCBuildConfiguration;
			buildSettings = {
				ALWAYS_SEARCH_USER_PATHS = NO;
				CLANG_ANALYZER_NONNULL = YES;
				CLANG_ANALYZER_NUMBER_OBJECT_CONVERSION = YES_AGGRESSIVE;
				CLANG_CXX_LANGUAGE_STANDARD = "gnu++14";
				CLANG_CXX_LIBRARY = "libc++";
				CLANG_ENABLE_MODULES = YES;
				CLANG_ENABLE_OBJC_ARC = YES;
				CLANG_ENABLE_OBJC_WEAK = YES;
				CLANG_WARN_BLOCK_CAPTURE_AUTORELEASING = YES;
				CLANG_WARN_BOOL_CONVERSION = YES;
				CLANG_WARN_COMMA = YES;
				CLANG_WARN_CONSTANT_CONVERSION = YES;
				CLANG_WARN_DEPRECATED_OBJC_IMPLEMENTATIONS = YES;
				CLANG_WARN_DIRECT_OBJC_ISA_USAGE = YES_ERROR;
				CLANG_WARN_DOCUMENTATION_COMMENTS = YES;
				CLANG_WARN_EMPTY_BODY = YES;
				CLANG_WARN_ENUM_CONVERSION = YES;
				CLANG_WARN_INFINITE_RECURSION = YES;
				CLANG_WARN_INT_CONVERSION = YES;
				CLANG_WARN_NON_LITERAL_NULL_CONVERSION = YES;
				CLANG_WARN_OBJC_IMPLICIT_RETAIN_SELF = YES;
				CLANG_WARN_OBJC_LITERAL_CONVERSION = YES;
				CLANG_WARN_OBJC_ROOT_CLASS = YES_ERROR;
				CLANG_WARN_RANGE_LOOP_ANALYSIS = YES;
				CLANG_WARN_STRICT_PROTOTYPES = YES;
				CLANG_WARN_SUSPICIOUS_MOVE = YES;
				CLANG_WARN_UNGUARDED_AVAILABILITY = YES_AGGRESSIVE;
				CLANG_WARN_UNREACHABLE_CODE = YES;
				CLANG_WARN__DUPLICATE_METHOD_MATCH = YES;
				COPY_PHASE_STRIP = NO;
				DEBUG_INFORMATION_FORMAT = "dwarf-with-dsym";
				ENABLE_NS_ASSERTIONS = NO;
				ENABLE_STRICT_OBJC_MSGSEND = YES;
				GCC_C_LANGUAGE_STANDARD = gnu11;
				GCC_NO_COMMON_BLOCKS = YES;
				GCC_WARN_64_TO_32_BIT_CONVERSION = YES;
				GCC_WARN_ABOUT_RETURN_TYPE = YES_ERROR;
				GCC_WARN_UNDECLARED_SELECTOR = YES;
				GCC_WARN_UNINITIALIZED_AUTOS = YES_AGGRESSIVE;
				GCC_WARN_UNUSED_FUNCTION = YES;
				GCC_WARN_UNUSED_VARIABLE = YES;
				IPHONEOS_DEPLOYMENT_TARGET = 13.4;
				MTL_ENABLE_DEBUG_INFO = NO;
				MTL_FAST_MATH = YES;
				SDKROOT = iphoneos;
				VALIDATE_PRODUCT = YES;
			};
			name = Release;
		};
		AB1D24832447614000E6F24B /* Debug */ = {
			isa = XCBuildConfiguration;
			baseConfigurationReference = B4D6690BB9701A7DC231093C /* Pods-Climb.debug.xcconfig */;
			buildSettings = {
				ASSETCATALOG_COMPILER_APPICON_NAME = AppIcon;
				CODE_SIGN_ENTITLEMENTS = Climb/Climb.entitlements;
				CODE_SIGN_STYLE = Automatic;
				CURRENT_PROJECT_VERSION = 2;
				DEVELOPMENT_TEAM = "";
				INFOPLIST_FILE = Climb/Info.plist;
				IPHONEOS_DEPLOYMENT_TARGET = 9.0;
				LD_RUNPATH_SEARCH_PATHS = (
					"$(inherited)",
					"@executable_path/Frameworks",
				);
				PRODUCT_BUNDLE_IDENTIFIER = demo;
				PRODUCT_NAME = "$(TARGET_NAME)";
				TARGETED_DEVICE_FAMILY = "1,2";
			};
			name = Debug;
		};
		AB1D24842447614000E6F24B /* Release */ = {
			isa = XCBuildConfiguration;
			baseConfigurationReference = D3CE3D55B7DBF2EADE8ECAB6 /* Pods-Climb.release.xcconfig */;
			buildSettings = {
				ASSETCATALOG_COMPILER_APPICON_NAME = AppIcon;
				CODE_SIGN_ENTITLEMENTS = Climb/Climb.entitlements;
				CODE_SIGN_STYLE = Automatic;
				CURRENT_PROJECT_VERSION = 2;
				DEVELOPMENT_TEAM = "";
				INFOPLIST_FILE = Climb/Info.plist;
				IPHONEOS_DEPLOYMENT_TARGET = 9.0;
				LD_RUNPATH_SEARCH_PATHS = (
					"$(inherited)",
					"@executable_path/Frameworks",
				);
				PRODUCT_BUNDLE_IDENTIFIER = demo;
				PRODUCT_NAME = "$(TARGET_NAME)";
				TARGETED_DEVICE_FAMILY = "1,2";
			};
			name = Release;
		};
		AB785D5F2449821A00E2664E /* Debug */ = {
			isa = XCBuildConfiguration;
			baseConfigurationReference = 02D5824D07681657BEAD4F1E /* Pods-PacketTunnel.debug.xcconfig */;
			buildSettings = {
				CODE_SIGN_ENTITLEMENTS = PacketTunnel/PacketTunnel.entitlements;
				CODE_SIGN_STYLE = Automatic;
				CURRENT_PROJECT_VERSION = 2;
				DEVELOPMENT_TEAM = "";
				INFOPLIST_FILE = PacketTunnel/Info.plist;
				IPHONEOS_DEPLOYMENT_TARGET = 9.0;
				LD_RUNPATH_SEARCH_PATHS = (
					"$(inherited)",
					"@executable_path/Frameworks",
					"@executable_path/../../Frameworks",
				);
				PRODUCT_BUNDLE_IDENTIFIER = demo;
				PRODUCT_NAME = "$(TARGET_NAME)";
				SKIP_INSTALL = YES;
				TARGETED_DEVICE_FAMILY = "1,2";
			};
			name = Debug;
		};
		AB785D602449821A00E2664E /* Release */ = {
			isa = XCBuildConfiguration;
			baseConfigurationReference = 950AB21573AF42C1AB320F0A /* Pods-PacketTunnel.release.xcconfig */;
			buildSettings = {
				CODE_SIGN_ENTITLEMENTS = PacketTunnel/PacketTunnel.entitlements;
				CODE_SIGN_STYLE = Automatic;
				CURRENT_PROJECT_VERSION = 2;
				DEVELOPMENT_TEAM = "";
				INFOPLIST_FILE = PacketTunnel/Info.plist;
				IPHONEOS_DEPLOYMENT_TARGET = 9.0;
				LD_RUNPATH_SEARCH_PATHS = (
					"$(inherited)",
					"@executable_path/Frameworks",
					"@executable_path/../../Frameworks",
				);
				PRODUCT_BUNDLE_IDENTIFIER = demo;
				PRODUCT_NAME = "$(TARGET_NAME)";
				SKIP_INSTALL = YES;
				TARGETED_DEVICE_FAMILY = "1,2";
			};
			name = Release;
		};
/* End XCBuildConfiguration section */

/* Begin XCConfigurationList section */
		AB1D24642447613F00E6F24B /* Build configuration list for PBXProject "Climb" */ = {
			isa = XCConfigurationList;
			buildConfigurations = (
				AB1D24802447614000E6F24B /* Debug */,
				AB1D24812447614000E6F24B /* Release */,
			);
			defaultConfigurationIsVisible = 0;
			defaultConfigurationName = Release;
		};
		AB1D24822447614000E6F24B /* Build configuration list for PBXNativeTarget "Climb" */ = {
			isa = XCConfigurationList;
			buildConfigurations = (
				AB1D24832447614000E6F24B /* Debug */,
				AB1D24842447614000E6F24B /* Release */,
			);
			defaultConfigurationIsVisible = 0;
			defaultConfigurationName = Release;
		};
		AB785D5E2449821A00E2664E /* Build configuration list for PBXNativeTarget "PacketTunnel" */ = {
			isa = XCConfigurationList;
			buildConfigurations = (
				AB785D5F2449821A00E2664E /* Debug */,
				AB785D602449821A00E2664E /* Release */,
			);
			defaultConfigurationIsVisible = 0;
			defaultConfigurationName = Release;
		};
/* End XCConfigurationList section */
	};
	rootObject = AB1D24612447613F00E6F24B /* Project object */;
}
