PODS:
  - CocoaAsyncSocket (7.6.4)
  - JNClimbServer (0.1.0):
    - CocoaAsyncSocket
    - YYModel
  - Masonry (1.1.0)
  - YYModel (1.0.4)

DEPENDENCIES:
  - JNClimbServer (from `../JNClimbServer/JNClimbServer.podspec`)
  - Masonry

SPEC REPOS:
  https://github.com/CocoaPods/Specs.git:
    - CocoaAsyncSocket
    - Masonry
    - YYModel

EXTERNAL SOURCES:
  JNClimbServer:
    :path: "../JNClimbServer/JNClimbServer.podspec"

SPEC CHECKSUMS:
  CocoaAsyncSocket: 694058e7c0ed05a9e217d1b3c7ded962f4180845
  JNClimbServer: 2536db9432cb0075faceb9e6ce214ea4f513bd3f
  Masonry: 678fab65091a9290e40e2832a55e7ab731aad201
  YYModel: 2a7fdd96aaa4b86a824e26d0c517de8928c04b30

PODFILE CHECKSUM: 8f801c356fb677faecb793f853f78c906d7380f9

COCOAPODS: 1.8.4
